// !$*UTF8*$!
{
	archiveVersion = 1;
	classes = {
	};
	objectVersion = 46;
	objects = {

/* Begin PBXBuildFile section */
		CF15BB2E1B47E7590015AE27 /* AppDelegate.swift in Sources */ = {isa = PBXBuildFile; fileRef = CF15BB2D1B47E7590015AE27 /* AppDelegate.swift */; };
		CF15BB301B47E7590015AE27 /* TodayViewController.swift in Sources */ = {isa = PBXBuildFile; fileRef = CF15BB2F1B47E7590015AE27 /* TodayViewController.swift */; };
		CF15BB321B47E7590015AE27 /* SecondViewController.swift in Sources */ = {isa = PBXBuildFile; fileRef = CF15BB311B47E7590015AE27 /* SecondViewController.swift */; };
		CF15BB351B47E7590015AE27 /* Tabbed.storyboard in Resources */ = {isa = PBXBuildFile; fileRef = CF15BB331B47E7590015AE27 /* Tabbed.storyboard */; };
		CF15BB371B47E7590015AE27 /* Assets.xcassets in Resources */ = {isa = PBXBuildFile; fileRef = CF15BB361B47E7590015AE27 /* Assets.xcassets */; };
		CF15BB3A1B47E7590015AE27 /* LaunchScreen.storyboard in Resources */ = {isa = PBXBuildFile; fileRef = CF15BB381B47E7590015AE27 /* LaunchScreen.storyboard */; };
		CF15BB451B47E7590015AE27 /* TodayTests.swift in Sources */ = {isa = PBXBuildFile; fileRef = CF15BB441B47E7590015AE27 /* TodayTests.swift */; };
		CF15BB501B47E7590015AE27 /* TodayUITests.swift in Sources */ = {isa = PBXBuildFile; fileRef = CF15BB4F1B47E7590015AE27 /* TodayUITests.swift */; };
		CF15BB601B4817D20015AE27 /* Swiper.storyboard in Resources */ = {isa = PBXBuildFile; fileRef = CF15BB5F1B4817D20015AE27 /* Swiper.storyboard */; };
		CF15BB621B4832E50015AE27 /* ExercisesCollectionViewCell.swift in Sources */ = {isa = PBXBuildFile; fileRef = CF15BB611B4832E50015AE27 /* ExercisesCollectionViewCell.swift */; };
		CF15BB641B483C2C0015AE27 /* ExercisesViewControllerCollectionViewController.swift in Sources */ = {isa = PBXBuildFile; fileRef = CF15BB631B483C2C0015AE27 /* ExercisesViewControllerCollectionViewController.swift */; };
		CF15BB661B483C930015AE27 /* TodayExercisesViewLayout.swift in Sources */ = {isa = PBXBuildFile; fileRef = CF15BB651B483C930015AE27 /* TodayExercisesViewLayout.swift */; };
		CF15BB681B483CAC0015AE27 /* PlanExercisesViewLayout.swift in Sources */ = {isa = PBXBuildFile; fileRef = CF15BB671B483CAC0015AE27 /* PlanExercisesViewLayout.swift */; };
		CF15BB6B1B48428E0015AE27 /* ExercisesURLCache.swift-old in Sources */ = {isa = PBXBuildFile; fileRef = CF15BB6A1B48428E0015AE27 /* ExercisesURLCache.swift-old */; };
		CF15BB6D1B48430E0015AE27 /* ExercisesDataSource.swift in Sources */ = {isa = PBXBuildFile; fileRef = CF15BB6C1B48430E0015AE27 /* ExercisesDataSource.swift */; };
		CF15BB6F1B4861910015AE27 /* MainViewController.swift in Sources */ = {isa = PBXBuildFile; fileRef = CF15BB6E1B4861910015AE27 /* MainViewController.swift */; };
		CF15BB711B4BACFD0015AE27 /* ExercisesViewLayoutAttributes.swift in Sources */ = {isa = PBXBuildFile; fileRef = CF15BB701B4BACFD0015AE27 /* ExercisesViewLayoutAttributes.swift */; };
		CF15BB731B4C8E940015AE27 /* Introduction.storyboard in Resources */ = {isa = PBXBuildFile; fileRef = CF15BB721B4C8E940015AE27 /* Introduction.storyboard */; };
		CF15BB761B4C8F770015AE27 /* IntroductionViewController.swift in Sources */ = {isa = PBXBuildFile; fileRef = CF15BB751B4C8F770015AE27 /* IntroductionViewController.swift */; };
		CF15BB781B4C924E0015AE27 /* IntroductionPageViewController.swift in Sources */ = {isa = PBXBuildFile; fileRef = CF15BB771B4C924E0015AE27 /* IntroductionPageViewController.swift */; };
		CF15BB7A1B4C940C0015AE27 /* IntroductionDataController.swift in Sources */ = {isa = PBXBuildFile; fileRef = CF15BB791B4C940C0015AE27 /* IntroductionDataController.swift */; };
/* End PBXBuildFile section */

/* Begin PBXContainerItemProxy section */
		CF15BB411B47E7590015AE27 /* PBXContainerItemProxy */ = {
			isa = PBXContainerItemProxy;
			containerPortal = CF15BB221B47E7590015AE27 /* Project object */;
			proxyType = 1;
			remoteGlobalIDString = CF15BB291B47E7590015AE27;
			remoteInfo = Today;
		};
		CF15BB4C1B47E7590015AE27 /* PBXContainerItemProxy */ = {
			isa = PBXContainerItemProxy;
			containerPortal = CF15BB221B47E7590015AE27 /* Project object */;
			proxyType = 1;
			remoteGlobalIDString = CF15BB291B47E7590015AE27;
			remoteInfo = Today;
		};
/* End PBXContainerItemProxy section */

/* Begin PBXFileReference section */
		CF15BB2A1B47E7590015AE27 /* Today.app */ = {isa = PBXFileReference; explicitFileType = wrapper.application; includeInIndex = 0; path = Today.app; sourceTree = BUILT_PRODUCTS_DIR; };
		CF15BB2D1B47E7590015AE27 /* AppDelegate.swift */ = {isa = PBXFileReference; lastKnownFileType = sourcecode.swift; path = AppDelegate.swift; sourceTree = "<group>"; };
		CF15BB2F1B47E7590015AE27 /* TodayViewController.swift */ = {isa = PBXFileReference; lastKnownFileType = sourcecode.swift; path = TodayViewController.swift; sourceTree = "<group>"; };
		CF15BB311B47E7590015AE27 /* SecondViewController.swift */ = {isa = PBXFileReference; lastKnownFileType = sourcecode.swift; path = SecondViewController.swift; sourceTree = "<group>"; };
		CF15BB341B47E7590015AE27 /* Base */ = {isa = PBXFileReference; lastKnownFileType = file.storyboard; name = Base; path = Base.lproj/Tabbed.storyboard; sourceTree = "<group>"; };
		CF15BB361B47E7590015AE27 /* Assets.xcassets */ = {isa = PBXFileReference; lastKnownFileType = folder.assetcatalog; path = Assets.xcassets; sourceTree = "<group>"; };
		CF15BB391B47E7590015AE27 /* Base */ = {isa = PBXFileReference; lastKnownFileType = file.storyboard; name = Base; path = Base.lproj/LaunchScreen.storyboard; sourceTree = "<group>"; };
		CF15BB3B1B47E7590015AE27 /* Info.plist */ = {isa = PBXFileReference; lastKnownFileType = text.plist.xml; path = Info.plist; sourceTree = "<group>"; };
		CF15BB401B47E7590015AE27 /* TodayTests.xctest */ = {isa = PBXFileReference; explicitFileType = wrapper.cfbundle; includeInIndex = 0; path = TodayTests.xctest; sourceTree = BUILT_PRODUCTS_DIR; };
		CF15BB441B47E7590015AE27 /* TodayTests.swift */ = {isa = PBXFileReference; lastKnownFileType = sourcecode.swift; path = TodayTests.swift; sourceTree = "<group>"; };
		CF15BB461B47E7590015AE27 /* Info.plist */ = {isa = PBXFileReference; lastKnownFileType = text.plist.xml; path = Info.plist; sourceTree = "<group>"; };
		CF15BB4B1B47E7590015AE27 /* TodayUITests.xctest */ = {isa = PBXFileReference; explicitFileType = wrapper.cfbundle; includeInIndex = 0; path = TodayUITests.xctest; sourceTree = BUILT_PRODUCTS_DIR; };
		CF15BB4F1B47E7590015AE27 /* TodayUITests.swift */ = {isa = PBXFileReference; lastKnownFileType = sourcecode.swift; path = TodayUITests.swift; sourceTree = "<group>"; };
		CF15BB511B47E7590015AE27 /* Info.plist */ = {isa = PBXFileReference; lastKnownFileType = text.plist.xml; path = Info.plist; sourceTree = "<group>"; };
		CF15BB5F1B4817D20015AE27 /* Swiper.storyboard */ = {isa = PBXFileReference; fileEncoding = 4; lastKnownFileType = file.storyboard; path = Swiper.storyboard; sourceTree = "<group>"; };
		CF15BB611B4832E50015AE27 /* ExercisesCollectionViewCell.swift */ = {isa = PBXFileReference; fileEncoding = 4; lastKnownFileType = sourcecode.swift; path = ExercisesCollectionViewCell.swift; sourceTree = "<group>"; };
		CF15BB631B483C2C0015AE27 /* ExercisesViewControllerCollectionViewController.swift */ = {isa = PBXFileReference; fileEncoding = 4; lastKnownFileType = sourcecode.swift; path = ExercisesViewControllerCollectionViewController.swift; sourceTree = "<group>"; };
		CF15BB651B483C930015AE27 /* TodayExercisesViewLayout.swift */ = {isa = PBXFileReference; fileEncoding = 4; lastKnownFileType = sourcecode.swift; path = TodayExercisesViewLayout.swift; sourceTree = "<group>"; };
		CF15BB671B483CAC0015AE27 /* PlanExercisesViewLayout.swift */ = {isa = PBXFileReference; fileEncoding = 4; lastKnownFileType = sourcecode.swift; path = PlanExercisesViewLayout.swift; sourceTree = "<group>"; };
		CF15BB691B48428D0015AE27 /* Today-Bridging-Header.h */ = {isa = PBXFileReference; lastKnownFileType = sourcecode.c.h; path = "Today-Bridging-Header.h"; sourceTree = "<group>"; };
		CF15BB6A1B48428E0015AE27 /* ExercisesURLCache.swift-old */ = {isa = PBXFileReference; fileEncoding = 4; lastKnownFileType = text; path = "ExercisesURLCache.swift-old"; sourceTree = "<group>"; };
		CF15BB6C1B48430E0015AE27 /* ExercisesDataSource.swift */ = {isa = PBXFileReference; fileEncoding = 4; lastKnownFileType = sourcecode.swift; path = ExercisesDataSource.swift; sourceTree = "<group>"; };
		CF15BB6E1B4861910015AE27 /* MainViewController.swift */ = {isa = PBXFileReference; fileEncoding = 4; lastKnownFileType = sourcecode.swift; path = MainViewController.swift; sourceTree = "<group>"; };
		CF15BB701B4BACFD0015AE27 /* ExercisesViewLayoutAttributes.swift */ = {isa = PBXFileReference; fileEncoding = 4; lastKnownFileType = sourcecode.swift; path = ExercisesViewLayoutAttributes.swift; sourceTree = "<group>"; };
		CF15BB721B4C8E940015AE27 /* Introduction.storyboard */ = {isa = PBXFileReference; fileEncoding = 4; lastKnownFileType = file.storyboard; path = Introduction.storyboard; sourceTree = "<group>"; };
		CF15BB751B4C8F770015AE27 /* IntroductionViewController.swift */ = {isa = PBXFileReference; fileEncoding = 4; lastKnownFileType = sourcecode.swift; path = IntroductionViewController.swift; sourceTree = "<group>"; };
		CF15BB771B4C924E0015AE27 /* IntroductionPageViewController.swift */ = {isa = PBXFileReference; fileEncoding = 4; lastKnownFileType = sourcecode.swift; path = IntroductionPageViewController.swift; sourceTree = "<group>"; };
		CF15BB791B4C940C0015AE27 /* IntroductionDataController.swift */ = {isa = PBXFileReference; fileEncoding = 4; lastKnownFileType = sourcecode.swift; path = IntroductionDataController.swift; sourceTree = "<group>"; };
/* End PBXFileReference section */

/* Begin PBXFrameworksBuildPhase section */
		CF15BB271B47E7590015AE27 /* Frameworks */ = {
			isa = PBXFrameworksBuildPhase;
			buildActionMask = 2147483647;
			files = (
			);
			runOnlyForDeploymentPostprocessing = 0;
		};
		CF15BB3D1B47E7590015AE27 /* Frameworks */ = {
			isa = PBXFrameworksBuildPhase;
			buildActionMask = 2147483647;
			files = (
			);
			runOnlyForDeploymentPostprocessing = 0;
		};
		CF15BB481B47E7590015AE27 /* Frameworks */ = {
			isa = PBXFrameworksBuildPhase;
			buildActionMask = 2147483647;
			files = (
			);
			runOnlyForDeploymentPostprocessing = 0;
		};
/* End PBXFrameworksBuildPhase section */

/* Begin PBXGroup section */
		CF15BB211B47E7590015AE27 = {
			isa = PBXGroup;
			children = (
				CF15BB2C1B47E7590015AE27 /* Today */,
				CF15BB431B47E7590015AE27 /* TodayTests */,
				CF15BB4E1B47E7590015AE27 /* TodayUITests */,
				CF15BB2B1B47E7590015AE27 /* Products */,
			);
			sourceTree = "<group>";
		};
		CF15BB2B1B47E7590015AE27 /* Products */ = {
			isa = PBXGroup;
			children = (
				CF15BB2A1B47E7590015AE27 /* Today.app */,
				CF15BB401B47E7590015AE27 /* TodayTests.xctest */,
				CF15BB4B1B47E7590015AE27 /* TodayUITests.xctest */,
			);
			name = Products;
			sourceTree = "<group>";
		};
		CF15BB2C1B47E7590015AE27 /* Today */ = {
			isa = PBXGroup;
			children = (
				CF15BB741B4C8F400015AE27 /* Introduction */,
				CF15BB2D1B47E7590015AE27 /* AppDelegate.swift */,
				CF15BB6C1B48430E0015AE27 /* ExercisesDataSource.swift */,
				CF15BB6A1B48428E0015AE27 /* ExercisesURLCache.swift-old */,
				CF15BB2F1B47E7590015AE27 /* TodayViewController.swift */,
				CF15BB311B47E7590015AE27 /* SecondViewController.swift */,
				CF15BB331B47E7590015AE27 /* Tabbed.storyboard */,
				CF15BB5F1B4817D20015AE27 /* Swiper.storyboard */,
				CF15BB6E1B4861910015AE27 /* MainViewController.swift */,
				CF15BB631B483C2C0015AE27 /* ExercisesViewControllerCollectionViewController.swift */,
				CF15BB361B47E7590015AE27 /* Assets.xcassets */,
				CF15BB381B47E7590015AE27 /* LaunchScreen.storyboard */,
				CF15BB3B1B47E7590015AE27 /* Info.plist */,
				CF15BB611B4832E50015AE27 /* ExercisesCollectionViewCell.swift */,
				CF15BB651B483C930015AE27 /* TodayExercisesViewLayout.swift */,
				CF15BB671B483CAC0015AE27 /* PlanExercisesViewLayout.swift */,
				CF15BB691B48428D0015AE27 /* Today-Bridging-Header.h */,
				CF15BB701B4BACFD0015AE27 /* ExercisesViewLayoutAttributes.swift */,
			);
			path = Today;
			sourceTree = "<group>";
		};
		CF15BB431B47E7590015AE27 /* TodayTests */ = {
			isa = PBXGroup;
			children = (
				CF15BB441B47E7590015AE27 /* TodayTests.swift */,
				CF15BB461B47E7590015AE27 /* Info.plist */,
			);
			path = TodayTests;
			sourceTree = "<group>";
		};
		CF15BB4E1B47E7590015AE27 /* TodayUITests */ = {
			isa = PBXGroup;
			children = (
				CF15BB4F1B47E7590015AE27 /* TodayUITests.swift */,
				CF15BB511B47E7590015AE27 /* Info.plist */,
			);
			path = TodayUITests;
			sourceTree = "<group>";
		};
		CF15BB741B4C8F400015AE27 /* Introduction */ = {
			isa = PBXGroup;
			children = (
				CF15BB721B4C8E940015AE27 /* Introduction.storyboard */,
				CF15BB771B4C924E0015AE27 /* IntroductionPageViewController.swift */,
				CF15BB751B4C8F770015AE27 /* IntroductionViewController.swift */,
				CF15BB791B4C940C0015AE27 /* IntroductionDataController.swift */,
			);
			name = Introduction;
			sourceTree = "<group>";
		};
/* End PBXGroup section */

/* Begin PBXNativeTarget section */
		CF15BB291B47E7590015AE27 /* Today */ = {
			isa = PBXNativeTarget;
			buildConfigurationList = CF15BB541B47E7590015AE27 /* Build configuration list for PBXNativeTarget "Today" */;
			buildPhases = (
				CF15BB261B47E7590015AE27 /* Sources */,
				CF15BB271B47E7590015AE27 /* Frameworks */,
				CF15BB281B47E7590015AE27 /* Resources */,
			);
			buildRules = (
			);
			dependencies = (
			);
			name = Today;
			productName = Today;
			productReference = CF15BB2A1B47E7590015AE27 /* Today.app */;
			productType = "com.apple.product-type.application";
		};
		CF15BB3F1B47E7590015AE27 /* TodayTests */ = {
			isa = PBXNativeTarget;
			buildConfigurationList = CF15BB571B47E7590015AE27 /* Build configuration list for PBXNativeTarget "TodayTests" */;
			buildPhases = (
				CF15BB3C1B47E7590015AE27 /* Sources */,
				CF15BB3D1B47E7590015AE27 /* Frameworks */,
				CF15BB3E1B47E7590015AE27 /* Resources */,
			);
			buildRules = (
			);
			dependencies = (
				CF15BB421B47E7590015AE27 /* PBXTargetDependency */,
			);
			name = TodayTests;
			productName = TodayTests;
			productReference = CF15BB401B47E7590015AE27 /* TodayTests.xctest */;
			productType = "com.apple.product-type.bundle.unit-test";
		};
		CF15BB4A1B47E7590015AE27 /* TodayUITests */ = {
			isa = PBXNativeTarget;
			buildConfigurationList = CF15BB5A1B47E7590015AE27 /* Build configuration list for PBXNativeTarget "TodayUITests" */;
			buildPhases = (
				CF15BB471B47E7590015AE27 /* Sources */,
				CF15BB481B47E7590015AE27 /* Frameworks */,
				CF15BB491B47E7590015AE27 /* Resources */,
			);
			buildRules = (
			);
			dependencies = (
				CF15BB4D1B47E7590015AE27 /* PBXTargetDependency */,
			);
			name = TodayUITests;
			productName = TodayUITests;
			productReference = CF15BB4B1B47E7590015AE27 /* TodayUITests.xctest */;
			productType = "com.apple.product-type.bundle.ui-testing";
		};
/* End PBXNativeTarget section */

/* Begin PBXProject section */
		CF15BB221B47E7590015AE27 /* Project object */ = {
			isa = PBXProject;
			attributes = {
				LastSwiftUpdateCheck = 0700;
				LastUpgradeCheck = 0700;
				ORGANIZATIONNAME = "Right Here Inc.";
				TargetAttributes = {
					CF15BB291B47E7590015AE27 = {
						CreatedOnToolsVersion = 7.0;
						DevelopmentTeam = KY4984DBGZ;
					};
					CF15BB3F1B47E7590015AE27 = {
						CreatedOnToolsVersion = 7.0;
						TestTargetID = CF15BB291B47E7590015AE27;
					};
					CF15BB4A1B47E7590015AE27 = {
						CreatedOnToolsVersion = 7.0;
						TestTargetID = CF15BB291B47E7590015AE27;
					};
				};
			};
			buildConfigurationList = CF15BB251B47E7590015AE27 /* Build configuration list for PBXProject "Today" */;
			compatibilityVersion = "Xcode 3.2";
			developmentRegion = English;
			hasScannedForEncodings = 0;
			knownRegions = (
				en,
				Base,
			);
			mainGroup = CF15BB211B47E7590015AE27;
			productRefGroup = CF15BB2B1B47E7590015AE27 /* Products */;
			projectDirPath = "";
			projectRoot = "";
			targets = (
				CF15BB291B47E7590015AE27 /* Today */,
				CF15BB3F1B47E7590015AE27 /* TodayTests */,
				CF15BB4A1B47E7590015AE27 /* TodayUITests */,
			);
		};
/* End PBXProject section */

/* Begin PBXResourcesBuildPhase section */
		CF15BB281B47E7590015AE27 /* Resources */ = {
			isa = PBXResourcesBuildPhase;
			buildActionMask = 2147483647;
			files = (
				CF15BB731B4C8E940015AE27 /* Introduction.storyboard in Resources */,
				CF15BB3A1B47E7590015AE27 /* LaunchScreen.storyboard in Resources */,
				CF15BB371B47E7590015AE27 /* Assets.xcassets in Resources */,
				CF15BB601B4817D20015AE27 /* Swiper.storyboard in Resources */,
				CF15BB351B47E7590015AE27 /* Tabbed.storyboard in Resources */,
			);
			runOnlyForDeploymentPostprocessing = 0;
		};
		CF15BB3E1B47E7590015AE27 /* Resources */ = {
			isa = PBXResourcesBuildPhase;
			buildActionMask = 2147483647;
			files = (
			);
			runOnlyForDeploymentPostprocessing = 0;
		};
		CF15BB491B47E7590015AE27 /* Resources */ = {
			isa = PBXResourcesBuildPhase;
			buildActionMask = 2147483647;
			files = (
			);
			runOnlyForDeploymentPostprocessing = 0;
		};
/* End PBXResourcesBuildPhase section */

/* Begin PBXSourcesBuildPhase section */
		CF15BB261B47E7590015AE27 /* Sources */ = {
			isa = PBXSourcesBuildPhase;
			buildActionMask = 2147483647;
			files = (
				CF15BB6B1B48428E0015AE27 /* ExercisesURLCache.swift-old in Sources */,
				CF15BB711B4BACFD0015AE27 /* ExercisesViewLayoutAttributes.swift in Sources */,
				CF15BB781B4C924E0015AE27 /* IntroductionPageViewController.swift in Sources */,
				CF15BB321B47E7590015AE27 /* SecondViewController.swift in Sources */,
				CF15BB2E1B47E7590015AE27 /* AppDelegate.swift in Sources */,
				CF15BB761B4C8F770015AE27 /* IntroductionViewController.swift in Sources */,
				CF15BB7A1B4C940C0015AE27 /* IntroductionDataController.swift in Sources */,
				CF15BB6D1B48430E0015AE27 /* ExercisesDataSource.swift in Sources */,
				CF15BB661B483C930015AE27 /* TodayExercisesViewLayout.swift in Sources */,
				CF15BB621B4832E50015AE27 /* ExercisesCollectionViewCell.swift in Sources */,
				CF15BB681B483CAC0015AE27 /* PlanExercisesViewLayout.swift in Sources */,
				CF15BB301B47E7590015AE27 /* TodayViewController.swift in Sources */,
				CF15BB641B483C2C0015AE27 /* ExercisesViewControllerCollectionViewController.swift in Sources */,
				CF15BB6F1B4861910015AE27 /* MainViewController.swift in Sources */,
			);
			runOnlyForDeploymentPostprocessing = 0;
		};
		CF15BB3C1B47E7590015AE27 /* Sources */ = {
			isa = PBXSourcesBuildPhase;
			buildActionMask = 2147483647;
			files = (
				CF15BB451B47E7590015AE27 /* TodayTests.swift in Sources */,
			);
			runOnlyForDeploymentPostprocessing = 0;
		};
		CF15BB471B47E7590015AE27 /* Sources */ = {
			isa = PBXSourcesBuildPhase;
			buildActionMask = 2147483647;
			files = (
				CF15BB501B47E7590015AE27 /* TodayUITests.swift in Sources */,
			);
			runOnlyForDeploymentPostprocessing = 0;
		};
/* End PBXSourcesBuildPhase section */

/* Begin PBXTargetDependency section */
		CF15BB421B47E7590015AE27 /* PBXTargetDependency */ = {
			isa = PBXTargetDependency;
			target = CF15BB291B47E7590015AE27 /* Today */;
			targetProxy = CF15BB411B47E7590015AE27 /* PBXContainerItemProxy */;
		};
		CF15BB4D1B47E7590015AE27 /* PBXTargetDependency */ = {
			isa = PBXTargetDependency;
			target = CF15BB291B47E7590015AE27 /* Today */;
			targetProxy = CF15BB4C1B47E7590015AE27 /* PBXContainerItemProxy */;
		};
/* End PBXTargetDependency section */

/* Begin PBXVariantGroup section */
		CF15BB331B47E7590015AE27 /* Tabbed.storyboard */ = {
			isa = PBXVariantGroup;
			children = (
				CF15BB341B47E7590015AE27 /* Base */,
			);
			name = Tabbed.storyboard;
			sourceTree = "<group>";
		};
		CF15BB381B47E7590015AE27 /* LaunchScreen.storyboard */ = {
			isa = PBXVariantGroup;
			children = (
				CF15BB391B47E7590015AE27 /* Base */,
			);
			name = LaunchScreen.storyboard;
			sourceTree = "<group>";
		};
/* End PBXVariantGroup section */

/* Begin XCBuildConfiguration section */
		CF15BB521B47E7590015AE27 /* Debug */ = {
			isa = XCBuildConfiguration;
			buildSettings = {
				ALWAYS_SEARCH_USER_PATHS = NO;
				CLANG_CXX_LANGUAGE_STANDARD = "gnu++0x";
				CLANG_CXX_LIBRARY = "libc++";
				CLANG_ENABLE_MODULES = YES;
				CLANG_ENABLE_OBJC_ARC = YES;
				CLANG_WARN_BOOL_CONVERSION = YES;
				CLANG_WARN_CONSTANT_CONVERSION = YES;
				CLANG_WARN_DIRECT_OBJC_ISA_USAGE = YES_ERROR;
				CLANG_WARN_EMPTY_BODY = YES;
				CLANG_WARN_ENUM_CONVERSION = YES;
				CLANG_WARN_INT_CONVERSION = YES;
				CLANG_WARN_OBJC_ROOT_CLASS = YES_ERROR;
				CLANG_WARN_UNREACHABLE_CODE = YES;
				CLANG_WARN__DUPLICATE_METHOD_MATCH = YES;
				"CODE_SIGN_IDENTITY[sdk=iphoneos*]" = "iPhone Developer";
				COPY_PHASE_STRIP = NO;
				DEBUG_INFORMATION_FORMAT = dwarf;
				ENABLE_STRICT_OBJC_MSGSEND = YES;
				ENABLE_TESTABILITY = YES;
				GCC_C_LANGUAGE_STANDARD = gnu99;
				GCC_DYNAMIC_NO_PIC = NO;
				GCC_NO_COMMON_BLOCKS = YES;
				GCC_OPTIMIZATION_LEVEL = 0;
				GCC_PREPROCESSOR_DEFINITIONS = (
					"DEBUG=1",
					"$(inherited)",
				);
				GCC_WARN_64_TO_32_BIT_CONVERSION = YES;
				GCC_WARN_ABOUT_RETURN_TYPE = YES_ERROR;
				GCC_WARN_UNDECLARED_SELECTOR = YES;
				GCC_WARN_UNINITIALIZED_AUTOS = YES_AGGRESSIVE;
				GCC_WARN_UNUSED_FUNCTION = YES;
				GCC_WARN_UNUSED_VARIABLE = YES;
				IPHONEOS_DEPLOYMENT_TARGET = 9.0;
				MTL_ENABLE_DEBUG_INFO = YES;
				ONLY_ACTIVE_ARCH = YES;
				SDKROOT = iphoneos;
				SWIFT_OPTIMIZATION_LEVEL = "-Onone";
				TARGETED_DEVICE_FAMILY = "1,2";
			};
			name = Debug;
		};
		CF15BB531B47E7590015AE27 /* Release */ = {
			isa = XCBuildConfiguration;
			buildSettings = {
				ALWAYS_SEARCH_USER_PATHS = NO;
				CLANG_CXX_LANGUAGE_STANDARD = "gnu++0x";
				CLANG_CXX_LIBRARY = "libc++";
				CLANG_ENABLE_MODULES = YES;
				CLANG_ENABLE_OBJC_ARC = YES;
				CLANG_WARN_BOOL_CONVERSION = YES;
				CLANG_WARN_CONSTANT_CONVERSION = YES;
				CLANG_WARN_DIRECT_OBJC_ISA_USAGE = YES_ERROR;
				CLANG_WARN_EMPTY_BODY = YES;
				CLANG_WARN_ENUM_CONVERSION = YES;
				CLANG_WARN_INT_CONVERSION = YES;
				CLANG_WARN_OBJC_ROOT_CLASS = YES_ERROR;
				CLANG_WARN_UNREACHABLE_CODE = YES;
				CLANG_WARN__DUPLICATE_METHOD_MATCH = YES;
				"CODE_SIGN_IDENTITY[sdk=iphoneos*]" = "iPhone Developer";
				COPY_PHASE_STRIP = NO;
				DEBUG_INFORMATION_FORMAT = "dwarf-with-dsym";
				ENABLE_NS_ASSERTIONS = NO;
				ENABLE_STRICT_OBJC_MSGSEND = YES;
				GCC_C_LANGUAGE_STANDARD = gnu99;
				GCC_NO_COMMON_BLOCKS = YES;
				GCC_WARN_64_TO_32_BIT_CONVERSION = YES;
				GCC_WARN_ABOUT_RETURN_TYPE = YES_ERROR;
				GCC_WARN_UNDECLARED_SELECTOR = YES;
				GCC_WARN_UNINITIALIZED_AUTOS = YES_AGGRESSIVE;
				GCC_WARN_UNUSED_FUNCTION = YES;
				GCC_WARN_UNUSED_VARIABLE = YES;
				IPHONEOS_DEPLOYMENT_TARGET = 9.0;
				MTL_ENABLE_DEBUG_INFO = NO;
				SDKROOT = iphoneos;
				TARGETED_DEVICE_FAMILY = "1,2";
				VALIDATE_PRODUCT = YES;
			};
			name = Release;
		};
		CF15BB551B47E7590015AE27 /* Debug */ = {
			isa = XCBuildConfiguration;
			buildSettings = {
				ASSETCATALOG_COMPILER_APPICON_NAME = AppIcon;
				CLANG_ENABLE_MODULES = YES;
				CODE_SIGN_IDENTITY = "iPhone Developer";
				INFOPLIST_FILE = Today/Info.plist;
				LD_RUNPATH_SEARCH_PATHS = "$(inherited) @executable_path/Frameworks";
				PRODUCT_BUNDLE_IDENTIFIER = com.fluentglobe.Today;
				PRODUCT_NAME = "$(TARGET_NAME)";
				SWIFT_OBJC_BRIDGING_HEADER = "Today/Today-Bridging-Header.h";
				SWIFT_OPTIMIZATION_LEVEL = "-Onone";
			};
			name = Debug;
		};
		CF15BB561B47E7590015AE27 /* Release */ = {
			isa = XCBuildConfiguration;
			buildSettings = {
				ASSETCATALOG_COMPILER_APPICON_NAME = AppIcon;
				CLANG_ENABLE_MODULES = YES;
				CODE_SIGN_IDENTITY = "iPhone Developer";
				INFOPLIST_FILE = Today/Info.plist;
				LD_RUNPATH_SEARCH_PATHS = "$(inherited) @executable_path/Frameworks";
				PRODUCT_BUNDLE_IDENTIFIER = com.fluentglobe.Today;
				PRODUCT_NAME = "$(TARGET_NAME)";
				SWIFT_OBJC_BRIDGING_HEADER = "Today/Today-Bridging-Header.h";
			};
			name = Release;
		};
		CF15BB581B47E7590015AE27 /* Debug */ = {
			isa = XCBuildConfiguration;
			buildSettings = {
				BUNDLE_LOADER = "$(TEST_HOST)";
				INFOPLIST_FILE = TodayTests/Info.plist;
				LD_RUNPATH_SEARCH_PATHS = "$(inherited) @executable_path/Frameworks @loader_path/Frameworks";
				PRODUCT_BUNDLE_IDENTIFIER = com.fluentglobe.TodayTests;
				PRODUCT_NAME = "$(TARGET_NAME)";
				TEST_HOST = "$(BUILT_PRODUCTS_DIR)/Today.app/Today";
			};
			name = Debug;
		};
		CF15BB591B47E7590015AE27 /* Release */ = {
			isa = XCBuildConfiguration;
			buildSettings = {
				BUNDLE_LOADER = "$(TEST_HOST)";
				INFOPLIST_FILE = TodayTests/Info.plist;
				LD_RUNPATH_SEARCH_PATHS = "$(inherited) @executable_path/Frameworks @loader_path/Frameworks";
				PRODUCT_BUNDLE_IDENTIFIER = com.fluentglobe.TodayTests;
				PRODUCT_NAME = "$(TARGET_NAME)";
				TEST_HOST = "$(BUILT_PRODUCTS_DIR)/Today.app/Today";
			};
			name = Release;
		};
		CF15BB5B1B47E7590015AE27 /* Debug */ = {
			isa = XCBuildConfiguration;
			buildSettings = {
				INFOPLIST_FILE = TodayUITests/Info.plist;
				LD_RUNPATH_SEARCH_PATHS = "$(inherited) @executable_path/Frameworks @loader_path/Frameworks";
				PRODUCT_BUNDLE_IDENTIFIER = com.fluentglobe.TodayUITests;
				PRODUCT_NAME = "$(TARGET_NAME)";
				TEST_TARGET_NAME = Today;
				USES_XCTRUNNER = YES;
			};
			name = Debug;
		};
		CF15BB5C1B47E7590015AE27 /* Release */ = {
			isa = XCBuildConfiguration;
			buildSettings = {
				INFOPLIST_FILE = TodayUITests/Info.plist;
				LD_RUNPATH_SEARCH_PATHS = "$(inherited) @executable_path/Frameworks @loader_path/Frameworks";
				PRODUCT_BUNDLE_IDENTIFIER = com.fluentglobe.TodayUITests;
				PRODUCT_NAME = "$(TARGET_NAME)";
				TEST_TARGET_NAME = Today;
				USES_XCTRUNNER = YES;
			};
			name = Release;
		};
/* End XCBuildConfiguration section */

/* Begin XCConfigurationList section */
		CF15BB251B47E7590015AE27 /* Build configuration list for PBXProject "Today" */ = {
			isa = XCConfigurationList;
			buildConfigurations = (
				CF15BB521B47E7590015AE27 /* Debug */,
				CF15BB531B47E7590015AE27 /* Release */,
			);
			defaultConfigurationIsVisible = 0;
			defaultConfigurationName = Release;
		};
		CF15BB541B47E7590015AE27 /* Build configuration list for PBXNativeTarget "Today" */ = {
			isa = XCConfigurationList;
			buildConfigurations = (
				CF15BB551B47E7590015AE27 /* Debug */,
				CF15BB561B47E7590015AE27 /* Release */,
			);
			defaultConfigurationIsVisible = 0;
			defaultConfigurationName = Release;
		};
		CF15BB571B47E7590015AE27 /* Build configuration list for PBXNativeTarget "TodayTests" */ = {
			isa = XCConfigurationList;
			buildConfigurations = (
				CF15BB581B47E7590015AE27 /* Debug */,
				CF15BB591B47E7590015AE27 /* Release */,
			);
			defaultConfigurationIsVisible = 0;
			defaultConfigurationName = Release;
		};
		CF15BB5A1B47E7590015AE27 /* Build configuration list for PBXNativeTarget "TodayUITests" */ = {
			isa = XCConfigurationList;
			buildConfigurations = (
				CF15BB5B1B47E7590015AE27 /* Debug */,
				CF15BB5C1B47E7590015AE27 /* Release */,
			);
			defaultConfigurationIsVisible = 0;
			defaultConfigurationName = Release;
		};
/* End XCConfigurationList section */
	};
	rootObject = CF15BB221B47E7590015AE27 /* Project object */;
}
