// !$*UTF8*$!
{
	archiveVersion = 1;
	classes = {
	};
	objectVersion = 46;
	objects = {

/* Begin PBXBuildFile section */
		CFE95EF11B4476FF00D0E0C2 /* AppDelegate.swift in Sources */ = {isa = PBXBuildFile; fileRef = CFE95EF01B4476FF00D0E0C2 /* AppDelegate.swift */; };
		CFE95EF31B44770000D0E0C2 /* FirstViewController.swift in Sources */ = {isa = PBXBuildFile; fileRef = CFE95EF21B44770000D0E0C2 /* FirstViewController.swift */; };
		CFE95EF51B44770000D0E0C2 /* SecondViewController.swift in Sources */ = {isa = PBXBuildFile; fileRef = CFE95EF41B44770000D0E0C2 /* SecondViewController.swift */; };
		CFE95EF81B44770000D0E0C2 /* Main.storyboard in Resources */ = {isa = PBXBuildFile; fileRef = CFE95EF61B44770000D0E0C2 /* Main.storyboard */; };
		CFE95EFA1B44770000D0E0C2 /* Assets.xcassets in Resources */ = {isa = PBXBuildFile; fileRef = CFE95EF91B44770000D0E0C2 /* Assets.xcassets */; };
		CFE95EFD1B44770000D0E0C2 /* LaunchScreen.storyboard in Resources */ = {isa = PBXBuildFile; fileRef = CFE95EFB1B44770000D0E0C2 /* LaunchScreen.storyboard */; };
		CFE95F081B44770100D0E0C2 /* TodayTests.swift in Sources */ = {isa = PBXBuildFile; fileRef = CFE95F071B44770100D0E0C2 /* TodayTests.swift */; };
		CFE95F131B44770300D0E0C2 /* TodayUITests.swift in Sources */ = {isa = PBXBuildFile; fileRef = CFE95F121B44770300D0E0C2 /* TodayUITests.swift */; };
/* End PBXBuildFile section */

/* Begin PBXContainerItemProxy section */
		CFE95F041B44770000D0E0C2 /* PBXContainerItemProxy */ = {
			isa = PBXContainerItemProxy;
			containerPortal = CFE95EE51B4476FD00D0E0C2 /* Project object */;
			proxyType = 1;
			remoteGlobalIDString = CFE95EEC1B4476FD00D0E0C2;
			remoteInfo = Today;
		};
		CFE95F0F1B44770100D0E0C2 /* PBXContainerItemProxy */ = {
			isa = PBXContainerItemProxy;
			containerPortal = CFE95EE51B4476FD00D0E0C2 /* Project object */;
			proxyType = 1;
			remoteGlobalIDString = CFE95EEC1B4476FD00D0E0C2;
			remoteInfo = Today;
		};
/* End PBXContainerItemProxy section */

/* Begin PBXFileReference section */
		CFE95EED1B4476FE00D0E0C2 /* Today.app */ = {isa = PBXFileReference; explicitFileType = wrapper.application; includeInIndex = 0; path = Today.app; sourceTree = BUILT_PRODUCTS_DIR; };
		CFE95EF01B4476FF00D0E0C2 /* AppDelegate.swift */ = {isa = PBXFileReference; lastKnownFileType = sourcecode.swift; path = AppDelegate.swift; sourceTree = "<group>"; };
		CFE95EF21B44770000D0E0C2 /* FirstViewController.swift */ = {isa = PBXFileReference; lastKnownFileType = sourcecode.swift; path = FirstViewController.swift; sourceTree = "<group>"; };
		CFE95EF41B44770000D0E0C2 /* SecondViewController.swift */ = {isa = PBXFileReference; lastKnownFileType = sourcecode.swift; path = SecondViewController.swift; sourceTree = "<group>"; };
		CFE95EF71B44770000D0E0C2 /* Base */ = {isa = PBXFileReference; lastKnownFileType = file.storyboard; name = Base; path = Base.lproj/Main.storyboard; sourceTree = "<group>"; };
		CFE95EF91B44770000D0E0C2 /* Assets.xcassets */ = {isa = PBXFileReference; lastKnownFileType = folder.assetcatalog; path = Assets.xcassets; sourceTree = "<group>"; };
		CFE95EFC1B44770000D0E0C2 /* Base */ = {isa = PBXFileReference; lastKnownFileType = file.storyboard; name = Base; path = Base.lproj/LaunchScreen.storyboard; sourceTree = "<group>"; };
		CFE95EFE1B44770000D0E0C2 /* Info.plist */ = {isa = PBXFileReference; lastKnownFileType = text.plist.xml; path = Info.plist; sourceTree = "<group>"; };
		CFE95F031B44770000D0E0C2 /* TodayTests.xctest */ = {isa = PBXFileReference; explicitFileType = wrapper.cfbundle; includeInIndex = 0; path = TodayTests.xctest; sourceTree = BUILT_PRODUCTS_DIR; };
		CFE95F071B44770100D0E0C2 /* TodayTests.swift */ = {isa = PBXFileReference; lastKnownFileType = sourcecode.swift; path = TodayTests.swift; sourceTree = "<group>"; };
		CFE95F091B44770100D0E0C2 /* Info.plist */ = {isa = PBXFileReference; lastKnownFileType = text.plist.xml; path = Info.plist; sourceTree = "<group>"; };
		CFE95F0E1B44770100D0E0C2 /* TodayUITests.xctest */ = {isa = PBXFileReference; explicitFileType = wrapper.cfbundle; includeInIndex = 0; path = TodayUITests.xctest; sourceTree = BUILT_PRODUCTS_DIR; };
		CFE95F121B44770300D0E0C2 /* TodayUITests.swift */ = {isa = PBXFileReference; lastKnownFileType = sourcecode.swift; path = TodayUITests.swift; sourceTree = "<group>"; };
		CFE95F141B44770300D0E0C2 /* Info.plist */ = {isa = PBXFileReference; lastKnownFileType = text.plist.xml; path = Info.plist; sourceTree = "<group>"; };
/* End PBXFileReference section */

/* Begin PBXFrameworksBuildPhase section */
		CFE95EEA1B4476FD00D0E0C2 /* Frameworks */ = {
			isa = PBXFrameworksBuildPhase;
			buildActionMask = 2147483647;
			files = (
			);
			runOnlyForDeploymentPostprocessing = 0;
		};
		CFE95F001B44770000D0E0C2 /* Frameworks */ = {
			isa = PBXFrameworksBuildPhase;
			buildActionMask = 2147483647;
			files = (
			);
			runOnlyForDeploymentPostprocessing = 0;
		};
		CFE95F0B1B44770100D0E0C2 /* Frameworks */ = {
			isa = PBXFrameworksBuildPhase;
			buildActionMask = 2147483647;
			files = (
			);
			runOnlyForDeploymentPostprocessing = 0;
		};
/* End PBXFrameworksBuildPhase section */

/* Begin PBXGroup section */
		CFE95EE41B4476FD00D0E0C2 = {
			isa = PBXGroup;
			children = (
				CFE95EEF1B4476FE00D0E0C2 /* Today */,
				CFE95F061B44770100D0E0C2 /* TodayTests */,
				CFE95F111B44770300D0E0C2 /* TodayUITests */,
				CFE95EEE1B4476FE00D0E0C2 /* Products */,
			);
			sourceTree = "<group>";
		};
		CFE95EEE1B4476FE00D0E0C2 /* Products */ = {
			isa = PBXGroup;
			children = (
				CFE95EED1B4476FE00D0E0C2 /* Today.app */,
				CFE95F031B44770000D0E0C2 /* TodayTests.xctest */,
				CFE95F0E1B44770100D0E0C2 /* TodayUITests.xctest */,
			);
			name = Products;
			sourceTree = "<group>";
		};
		CFE95EEF1B4476FE00D0E0C2 /* Today */ = {
			isa = PBXGroup;
			children = (
				CFE95EF01B4476FF00D0E0C2 /* AppDelegate.swift */,
				CFE95EF21B44770000D0E0C2 /* FirstViewController.swift */,
				CFE95EF41B44770000D0E0C2 /* SecondViewController.swift */,
				CFE95EF61B44770000D0E0C2 /* Main.storyboard */,
				CFE95EF91B44770000D0E0C2 /* Assets.xcassets */,
				CFE95EFB1B44770000D0E0C2 /* LaunchScreen.storyboard */,
				CFE95EFE1B44770000D0E0C2 /* Info.plist */,
			);
			path = Today;
			sourceTree = "<group>";
		};
		CFE95F061B44770100D0E0C2 /* TodayTests */ = {
			isa = PBXGroup;
			children = (
				CFE95F071B44770100D0E0C2 /* TodayTests.swift */,
				CFE95F091B44770100D0E0C2 /* Info.plist */,
			);
			path = TodayTests;
			sourceTree = "<group>";
		};
		CFE95F111B44770300D0E0C2 /* TodayUITests */ = {
			isa = PBXGroup;
			children = (
				CFE95F121B44770300D0E0C2 /* TodayUITests.swift */,
				CFE95F141B44770300D0E0C2 /* Info.plist */,
			);
			path = TodayUITests;
			sourceTree = "<group>";
		};
/* End PBXGroup section */

/* Begin PBXNativeTarget section */
		CFE95EEC1B4476FD00D0E0C2 /* Today */ = {
			isa = PBXNativeTarget;
			buildConfigurationList = CFE95F171B44770300D0E0C2 /* Build configuration list for PBXNativeTarget "Today" */;
			buildPhases = (
				CFE95EE91B4476FD00D0E0C2 /* Sources */,
				CFE95EEA1B4476FD00D0E0C2 /* Frameworks */,
				CFE95EEB1B4476FD00D0E0C2 /* Resources */,
			);
			buildRules = (
			);
			dependencies = (
			);
			name = Today;
			productName = Today;
			productReference = CFE95EED1B4476FE00D0E0C2 /* Today.app */;
			productType = "com.apple.product-type.application";
		};
		CFE95F021B44770000D0E0C2 /* TodayTests */ = {
			isa = PBXNativeTarget;
			buildConfigurationList = CFE95F1A1B44770300D0E0C2 /* Build configuration list for PBXNativeTarget "TodayTests" */;
			buildPhases = (
				CFE95EFF1B44770000D0E0C2 /* Sources */,
				CFE95F001B44770000D0E0C2 /* Frameworks */,
				CFE95F011B44770000D0E0C2 /* Resources */,
			);
			buildRules = (
			);
			dependencies = (
				CFE95F051B44770000D0E0C2 /* PBXTargetDependency */,
			);
			name = TodayTests;
			productName = TodayTests;
			productReference = CFE95F031B44770000D0E0C2 /* TodayTests.xctest */;
			productType = "com.apple.product-type.bundle.unit-test";
		};
		CFE95F0D1B44770100D0E0C2 /* TodayUITests */ = {
			isa = PBXNativeTarget;
			buildConfigurationList = CFE95F1D1B44770300D0E0C2 /* Build configuration list for PBXNativeTarget "TodayUITests" */;
			buildPhases = (
				CFE95F0A1B44770100D0E0C2 /* Sources */,
				CFE95F0B1B44770100D0E0C2 /* Frameworks */,
				CFE95F0C1B44770100D0E0C2 /* Resources */,
			);
			buildRules = (
			);
			dependencies = (
				CFE95F101B44770100D0E0C2 /* PBXTargetDependency */,
			);
			name = TodayUITests;
			productName = TodayUITests;
			productReference = CFE95F0E1B44770100D0E0C2 /* TodayUITests.xctest */;
			productType = "com.apple.product-type.bundle.ui-testing";
		};
/* End PBXNativeTarget section */

/* Begin PBXProject section */
		CFE95EE51B4476FD00D0E0C2 /* Project object */ = {
			isa = PBXProject;
			attributes = {
				LastUpgradeCheck = 0700;
				ORGANIZATIONNAME = "Right Here Inc.";
				TargetAttributes = {
					CFE95EEC1B4476FD00D0E0C2 = {
						CreatedOnToolsVersion = 7.0;
					};
					CFE95F021B44770000D0E0C2 = {
						CreatedOnToolsVersion = 7.0;
						TestTargetID = CFE95EEC1B4476FD00D0E0C2;
					};
					CFE95F0D1B44770100D0E0C2 = {
						CreatedOnToolsVersion = 7.0;
						TestTargetID = CFE95EEC1B4476FD00D0E0C2;
					};
				};
			};
			buildConfigurationList = CFE95EE81B4476FD00D0E0C2 /* Build configuration list for PBXProject "Today" */;
			compatibilityVersion = "Xcode 3.2";
			developmentRegion = English;
			hasScannedForEncodings = 0;
			knownRegions = (
				en,
				Base,
			);
			mainGroup = CFE95EE41B4476FD00D0E0C2;
			productRefGroup = CFE95EEE1B4476FE00D0E0C2 /* Products */;
			projectDirPath = "";
			projectRoot = "";
			targets = (
				CFE95EEC1B4476FD00D0E0C2 /* Today */,
				CFE95F021B44770000D0E0C2 /* TodayTests */,
				CFE95F0D1B44770100D0E0C2 /* TodayUITests */,
			);
		};
/* End PBXProject section */

/* Begin PBXResourcesBuildPhase section */
		CFE95EEB1B4476FD00D0E0C2 /* Resources */ = {
			isa = PBXResourcesBuildPhase;
			buildActionMask = 2147483647;
			files = (
				CFE95EFD1B44770000D0E0C2 /* LaunchScreen.storyboard in Resources */,
				CFE95EFA1B44770000D0E0C2 /* Assets.xcassets in Resources */,
				CFE95EF81B44770000D0E0C2 /* Main.storyboard in Resources */,
			);
			runOnlyForDeploymentPostprocessing = 0;
		};
		CFE95F011B44770000D0E0C2 /* Resources */ = {
			isa = PBXResourcesBuildPhase;
			buildActionMask = 2147483647;
			files = (
			);
			runOnlyForDeploymentPostprocessing = 0;
		};
		CFE95F0C1B44770100D0E0C2 /* Resources */ = {
			isa = PBXResourcesBuildPhase;
			buildActionMask = 2147483647;
			files = (
			);
			runOnlyForDeploymentPostprocessing = 0;
		};
/* End PBXResourcesBuildPhase section */

/* Begin PBXSourcesBuildPhase section */
		CFE95EE91B4476FD00D0E0C2 /* Sources */ = {
			isa = PBXSourcesBuildPhase;
			buildActionMask = 2147483647;
			files = (
				CFE95EF51B44770000D0E0C2 /* SecondViewController.swift in Sources */,
				CFE95EF11B4476FF00D0E0C2 /* AppDelegate.swift in Sources */,
				CFE95EF31B44770000D0E0C2 /* FirstViewController.swift in Sources */,
			);
			runOnlyForDeploymentPostprocessing = 0;
		};
		CFE95EFF1B44770000D0E0C2 /* Sources */ = {
			isa = PBXSourcesBuildPhase;
			buildActionMask = 2147483647;
			files = (
				CFE95F081B44770100D0E0C2 /* TodayTests.swift in Sources */,
			);
			runOnlyForDeploymentPostprocessing = 0;
		};
		CFE95F0A1B44770100D0E0C2 /* Sources */ = {
			isa = PBXSourcesBuildPhase;
			buildActionMask = 2147483647;
			files = (
				CFE95F131B44770300D0E0C2 /* TodayUITests.swift in Sources */,
			);
			runOnlyForDeploymentPostprocessing = 0;
		};
/* End PBXSourcesBuildPhase section */

/* Begin PBXTargetDependency section */
		CFE95F051B44770000D0E0C2 /* PBXTargetDependency */ = {
			isa = PBXTargetDependency;
			target = CFE95EEC1B4476FD00D0E0C2 /* Today */;
			targetProxy = CFE95F041B44770000D0E0C2 /* PBXContainerItemProxy */;
		};
		CFE95F101B44770100D0E0C2 /* PBXTargetDependency */ = {
			isa = PBXTargetDependency;
			target = CFE95EEC1B4476FD00D0E0C2 /* Today */;
			targetProxy = CFE95F0F1B44770100D0E0C2 /* PBXContainerItemProxy */;
		};
/* End PBXTargetDependency section */

/* Begin PBXVariantGroup section */
		CFE95EF61B44770000D0E0C2 /* Main.storyboard */ = {
			isa = PBXVariantGroup;
			children = (
				CFE95EF71B44770000D0E0C2 /* Base */,
			);
			name = Main.storyboard;
			sourceTree = "<group>";
		};
		CFE95EFB1B44770000D0E0C2 /* LaunchScreen.storyboard */ = {
			isa = PBXVariantGroup;
			children = (
				CFE95EFC1B44770000D0E0C2 /* Base */,
			);
			name = LaunchScreen.storyboard;
			sourceTree = "<group>";
		};
/* End PBXVariantGroup section */

/* Begin XCBuildConfiguration section */
		CFE95F151B44770300D0E0C2 /* Debug */ = {
			isa = XCBuildConfiguration;
			buildSettings = {
				ALWAYS_SEARCH_USER_PATHS = NO;
				CLANG_CXX_LANGUAGE_STANDARD = "gnu++0x";
				CLANG_CXX_LIBRARY = "libc++";
				CLANG_ENABLE_MODULES = YES;
				CLANG_ENABLE_OBJC_ARC = YES;
				CLANG_WARN_BOOL_CONVERSION = YES;
				CLANG_WARN_CONSTANT_CONVERSION = YES;
				CLANG_WARN_DIRECT_OBJC_ISA_USAGE = YES_ERROR;
				CLANG_WARN_EMPTY_BODY = YES;
				CLANG_WARN_ENUM_CONVERSION = YES;
				CLANG_WARN_INT_CONVERSION = YES;
				CLANG_WARN_OBJC_ROOT_CLASS = YES_ERROR;
				CLANG_WARN_UNREACHABLE_CODE = YES;
				CLANG_WARN__DUPLICATE_METHOD_MATCH = YES;
				"CODE_SIGN_IDENTITY[sdk=iphoneos*]" = "iPhone Developer";
				COPY_PHASE_STRIP = NO;
				DEBUG_INFORMATION_FORMAT = dwarf;
				ENABLE_STRICT_OBJC_MSGSEND = YES;
				ENABLE_TESTABILITY = YES;
				GCC_C_LANGUAGE_STANDARD = gnu99;
				GCC_DYNAMIC_NO_PIC = NO;
				GCC_NO_COMMON_BLOCKS = YES;
				GCC_OPTIMIZATION_LEVEL = 0;
				GCC_PREPROCESSOR_DEFINITIONS = (
					"DEBUG=1",
					"$(inherited)",
				);
				GCC_WARN_64_TO_32_BIT_CONVERSION = YES;
				GCC_WARN_ABOUT_RETURN_TYPE = YES_ERROR;
				GCC_WARN_UNDECLARED_SELECTOR = YES;
				GCC_WARN_UNINITIALIZED_AUTOS = YES_AGGRESSIVE;
				GCC_WARN_UNUSED_FUNCTION = YES;
				GCC_WARN_UNUSED_VARIABLE = YES;
				IPHONEOS_DEPLOYMENT_TARGET = 9.0;
				MTL_ENABLE_DEBUG_INFO = YES;
				ONLY_ACTIVE_ARCH = YES;
				SDKROOT = iphoneos;
				SWIFT_OPTIMIZATION_LEVEL = "-Onone";
				TARGETED_DEVICE_FAMILY = "1,2";
			};
			name = Debug;
		};
		CFE95F161B44770300D0E0C2 /* Release */ = {
			isa = XCBuildConfiguration;
			buildSettings = {
				ALWAYS_SEARCH_USER_PATHS = NO;
				CLANG_CXX_LANGUAGE_STANDARD = "gnu++0x";
				CLANG_CXX_LIBRARY = "libc++";
				CLANG_ENABLE_MODULES = YES;
				CLANG_ENABLE_OBJC_ARC = YES;
				CLANG_WARN_BOOL_CONVERSION = YES;
				CLANG_WARN_CONSTANT_CONVERSION = YES;
				CLANG_WARN_DIRECT_OBJC_ISA_USAGE = YES_ERROR;
				CLANG_WARN_EMPTY_BODY = YES;
				CLANG_WARN_ENUM_CONVERSION = YES;
				CLANG_WARN_INT_CONVERSION = YES;
				CLANG_WARN_OBJC_ROOT_CLASS = YES_ERROR;
				CLANG_WARN_UNREACHABLE_CODE = YES;
				CLANG_WARN__DUPLICATE_METHOD_MATCH = YES;
				"CODE_SIGN_IDENTITY[sdk=iphoneos*]" = "iPhone Developer";
				COPY_PHASE_STRIP = NO;
				DEBUG_INFORMATION_FORMAT = "dwarf-with-dsym";
				ENABLE_NS_ASSERTIONS = NO;
				ENABLE_STRICT_OBJC_MSGSEND = YES;
				GCC_C_LANGUAGE_STANDARD = gnu99;
				GCC_NO_COMMON_BLOCKS = YES;
				GCC_WARN_64_TO_32_BIT_CONVERSION = YES;
				GCC_WARN_ABOUT_RETURN_TYPE = YES_ERROR;
				GCC_WARN_UNDECLARED_SELECTOR = YES;
				GCC_WARN_UNINITIALIZED_AUTOS = YES_AGGRESSIVE;
				GCC_WARN_UNUSED_FUNCTION = YES;
				GCC_WARN_UNUSED_VARIABLE = YES;
				IPHONEOS_DEPLOYMENT_TARGET = 9.0;
				MTL_ENABLE_DEBUG_INFO = NO;
				SDKROOT = iphoneos;
				TARGETED_DEVICE_FAMILY = "1,2";
				VALIDATE_PRODUCT = YES;
			};
			name = Release;
		};
		CFE95F181B44770300D0E0C2 /* Debug */ = {
			isa = XCBuildConfiguration;
			buildSettings = {
				ASSETCATALOG_COMPILER_APPICON_NAME = AppIcon;
				INFOPLIST_FILE = Today/Info.plist;
				LD_RUNPATH_SEARCH_PATHS = "$(inherited) @executable_path/Frameworks";
				PRODUCT_BUNDLE_IDENTIFIER = com.fluentglobe.Today;
				PRODUCT_NAME = "$(TARGET_NAME)";
			};
			name = Debug;
		};
		CFE95F191B44770300D0E0C2 /* Release */ = {
			isa = XCBuildConfiguration;
			buildSettings = {
				ASSETCATALOG_COMPILER_APPICON_NAME = AppIcon;
				INFOPLIST_FILE = Today/Info.plist;
				LD_RUNPATH_SEARCH_PATHS = "$(inherited) @executable_path/Frameworks";
				PRODUCT_BUNDLE_IDENTIFIER = com.fluentglobe.Today;
				PRODUCT_NAME = "$(TARGET_NAME)";
			};
			name = Release;
		};
		CFE95F1B1B44770300D0E0C2 /* Debug */ = {
			isa = XCBuildConfiguration;
			buildSettings = {
				BUNDLE_LOADER = "$(TEST_HOST)";
				INFOPLIST_FILE = TodayTests/Info.plist;
				LD_RUNPATH_SEARCH_PATHS = "$(inherited) @executable_path/Frameworks @loader_path/Frameworks";
				PRODUCT_BUNDLE_IDENTIFIER = com.fluentglobe.TodayTests;
				PRODUCT_NAME = "$(TARGET_NAME)";
				TEST_HOST = "$(BUILT_PRODUCTS_DIR)/Today.app/Today";
			};
			name = Debug;
		};
		CFE95F1C1B44770300D0E0C2 /* Release */ = {
			isa = XCBuildConfiguration;
			buildSettings = {
				BUNDLE_LOADER = "$(TEST_HOST)";
				INFOPLIST_FILE = TodayTests/Info.plist;
				LD_RUNPATH_SEARCH_PATHS = "$(inherited) @executable_path/Frameworks @loader_path/Frameworks";
				PRODUCT_BUNDLE_IDENTIFIER = com.fluentglobe.TodayTests;
				PRODUCT_NAME = "$(TARGET_NAME)";
				TEST_HOST = "$(BUILT_PRODUCTS_DIR)/Today.app/Today";
			};
			name = Release;
		};
		CFE95F1E1B44770300D0E0C2 /* Debug */ = {
			isa = XCBuildConfiguration;
			buildSettings = {
				INFOPLIST_FILE = TodayUITests/Info.plist;
				LD_RUNPATH_SEARCH_PATHS = "$(inherited) @executable_path/Frameworks @loader_path/Frameworks";
				PRODUCT_BUNDLE_IDENTIFIER = com.fluentglobe.TodayUITests;
				PRODUCT_NAME = "$(TARGET_NAME)";
				TEST_TARGET_NAME = Today;
				USES_XCTRUNNER = YES;
			};
			name = Debug;
		};
		CFE95F1F1B44770300D0E0C2 /* Release */ = {
			isa = XCBuildConfiguration;
			buildSettings = {
				INFOPLIST_FILE = TodayUITests/Info.plist;
				LD_RUNPATH_SEARCH_PATHS = "$(inherited) @executable_path/Frameworks @loader_path/Frameworks";
				PRODUCT_BUNDLE_IDENTIFIER = com.fluentglobe.TodayUITests;
				PRODUCT_NAME = "$(TARGET_NAME)";
				TEST_TARGET_NAME = Today;
				USES_XCTRUNNER = YES;
			};
			name = Release;
		};
/* End XCBuildConfiguration section */

/* Begin XCConfigurationList section */
		CFE95EE81B4476FD00D0E0C2 /* Build configuration list for PBXProject "Today" */ = {
			isa = XCConfigurationList;
			buildConfigurations = (
				CFE95F151B44770300D0E0C2 /* Debug */,
				CFE95F161B44770300D0E0C2 /* Release */,
			);
			defaultConfigurationIsVisible = 0;
			defaultConfigurationName = Release;
		};
		CFE95F171B44770300D0E0C2 /* Build configuration list for PBXNativeTarget "Today" */ = {
			isa = XCConfigurationList;
			buildConfigurations = (
				CFE95F181B44770300D0E0C2 /* Debug */,
				CFE95F191B44770300D0E0C2 /* Release */,
			);
			defaultConfigurationIsVisible = 0;
		};
		CFE95F1A1B44770300D0E0C2 /* Build configuration list for PBXNativeTarget "TodayTests" */ = {
			isa = XCConfigurationList;
			buildConfigurations = (
				CFE95F1B1B44770300D0E0C2 /* Debug */,
				CFE95F1C1B44770300D0E0C2 /* Release */,
			);
			defaultConfigurationIsVisible = 0;
		};
		CFE95F1D1B44770300D0E0C2 /* Build configuration list for PBXNativeTarget "TodayUITests" */ = {
			isa = XCConfigurationList;
			buildConfigurations = (
				CFE95F1E1B44770300D0E0C2 /* Debug */,
				CFE95F1F1B44770300D0E0C2 /* Release */,
			);
			defaultConfigurationIsVisible = 0;
		};
/* End XCConfigurationList section */
	};
	rootObject = CFE95EE51B4476FD00D0E0C2 /* Project object */;
}
